
Microsoft Visual Studio Solution File, Format Version 9.00
# Visual C++ Express 2005
Project("{8BC9CEB8-8B4A-11D0-8D11-00A0C91BC942}") = "pion-net", "net\src\pion-net.vcproj", "{61F4B4D5-3608-4264-9F4B-B0DA3E3FDF62}"
	ProjectSection(ProjectDependencies) = postProject
		{EB961393-6495-4DD0-BF17-3ECA01C0BF00} = {EB961393-6495-4DD0-BF17-3ECA01C0BF00}
	EndProjectSection
EndProject
Project("{8BC9CEB8-8B4A-11D0-8D11-00A0C91BC942}") = "CookieService", "net\services\CookieService.vcproj", "{1CF012D8-A47C-4D2B-952D-D90D19795A07}"
	ProjectSection(ProjectDependencies) = postProject
		{61F4B4D5-3608-4264-9F4B-B0DA3E3FDF62} = {61F4B4D5-3608-4264-9F4B-B0DA3E3FDF62}
	EndProjectSection
EndProject
Project("{8BC9CEB8-8B4A-11D0-8D11-00A0C91BC942}") = "EchoService", "net\services\EchoService.vcproj", "{09C3D3D7-7CE0-48D1-994F-EB534C07CF8B}"
	ProjectSection(ProjectDependencies) = postProject
		{61F4B4D5-3608-4264-9F4B-B0DA3E3FDF62} = {61F4B4D5-3608-4264-9F4B-B0DA3E3FDF62}
	EndProjectSection
EndProject
Project("{8BC9CEB8-8B4A-11D0-8D11-00A0C91BC942}") = "FileService", "net\services\FileService.vcproj", "{70CA1FA9-BA9A-4EA4-9B7B-C747238991C1}"
	ProjectSection(ProjectDependencies) = postProject
		{61F4B4D5-3608-4264-9F4B-B0DA3E3FDF62} = {61F4B4D5-3608-4264-9F4B-B0DA3E3FDF62}
		{EB961393-6495-4DD0-BF17-3ECA01C0BF00} = {EB961393-6495-4DD0-BF17-3ECA01C0BF00}
	EndProjectSection
EndProject
Project("{8BC9CEB8-8B4A-11D0-8D11-00A0C91BC942}") = "HelloService", "net\services\HelloService.vcproj", "{9EE2433A-B460-45E0-8968-EC5CE8EF9875}"
	ProjectSection(ProjectDependencies) = postProject
		{61F4B4D5-3608-4264-9F4B-B0DA3E3FDF62} = {61F4B4D5-3608-4264-9F4B-B0DA3E3FDF62}
	EndProjectSection
EndProject
Project("{8BC9CEB8-8B4A-11D0-8D11-00A0C91BC942}") = "LogService", "net\services\LogService.vcproj", "{12F95FE7-ACE1-4281-86BF-4117AE2D633E}"
	ProjectSection(ProjectDependencies) = postProject
		{61F4B4D5-3608-4264-9F4B-B0DA3E3FDF62} = {61F4B4D5-3608-4264-9F4B-B0DA3E3FDF62}
	EndProjectSection
EndProject
Project("{8BC9CEB8-8B4A-11D0-8D11-00A0C91BC942}") = "pion-common", "common\src\pion-common.vcproj", "{EB961393-6495-4DD0-BF17-3ECA01C0BF00}"
EndProject
Project("{8BC9CEB8-8B4A-11D0-8D11-00A0C91BC942}") = "pion", "platform\server\pion.vcproj", "{7F738CE8-E48E-4418-9E4A-2ABCF64685B5}"
	ProjectSection(ProjectDependencies) = postProject
		{61F4B4D5-3608-4264-9F4B-B0DA3E3FDF62} = {61F4B4D5-3608-4264-9F4B-B0DA3E3FDF62}
		{EB961393-6495-4DD0-BF17-3ECA01C0BF00} = {EB961393-6495-4DD0-BF17-3ECA01C0BF00}
		{7B7BAB75-014F-44A2-9207-027E499ADDE7} = {7B7BAB75-014F-44A2-9207-027E499ADDE7}
		{7C1D6603-DAC2-4ABB-8C11-F8FCB990A88D} = {7C1D6603-DAC2-4ABB-8C11-F8FCB990A88D}
	EndProjectSection
EndProject
Project("{8BC9CEB8-8B4A-11D0-8D11-00A0C91BC942}") = "LogCodec", "platform\codecs\LogCodec.vcproj", "{A0EDE9A0-65A1-4B63-A1AC-833C73DA0838}"
	ProjectSection(ProjectDependencies) = postProject
		{7C1D6603-DAC2-4ABB-8C11-F8FCB990A88D} = {7C1D6603-DAC2-4ABB-8C11-F8FCB990A88D}
	EndProjectSection
EndProject
Project("{8BC9CEB8-8B4A-11D0-8D11-00A0C91BC942}") = "JSONCodec", "platform\codecs\JSONCodec.vcproj", "{4396A4EE-5F86-4E5B-849A-A6F97091DCF8}"
	ProjectSection(ProjectDependencies) = postProject
		{7C1D6603-DAC2-4ABB-8C11-F8FCB990A88D} = {7C1D6603-DAC2-4ABB-8C11-F8FCB990A88D}
	EndProjectSection
EndProject
Project("{8BC9CEB8-8B4A-11D0-8D11-00A0C91BC942}") = "XMLCodec", "platform\codecs\XMLCodec.vcproj", "{3C8554D1-A74B-472F-B41B-5C528F855DC1}"
	ProjectSection(ProjectDependencies) = postProject
		{7C1D6603-DAC2-4ABB-8C11-F8FCB990A88D} = {7C1D6603-DAC2-4ABB-8C11-F8FCB990A88D}
	EndProjectSection
EndProject
Project("{8BC9CEB8-8B4A-11D0-8D11-00A0C91BC942}") = "pion-platform", "platform\src\pion-platform.vcproj", "{7C1D6603-DAC2-4ABB-8C11-F8FCB990A88D}"
	ProjectSection(ProjectDependencies) = postProject
		{EB961393-6495-4DD0-BF17-3ECA01C0BF00} = {EB961393-6495-4DD0-BF17-3ECA01C0BF00}
	EndProjectSection
EndProject
Project("{8BC9CEB8-8B4A-11D0-8D11-00A0C91BC942}") = "UnitTests", "platform\tests\UnitTests.vcproj", "{BE12B953-FECB-470B-AC62-24FA5BC419D8}"
	ProjectSection(ProjectDependencies) = postProject
		{4396A4EE-5F86-4E5B-849A-A6F97091DCF8} = {4396A4EE-5F86-4E5B-849A-A6F97091DCF8}
		{12F95FE7-ACE1-4281-86BF-4117AE2D633E} = {12F95FE7-ACE1-4281-86BF-4117AE2D633E}
		{1CF012D8-A47C-4D2B-952D-D90D19795A07} = {1CF012D8-A47C-4D2B-952D-D90D19795A07}
		{09C3D3D7-7CE0-48D1-994F-EB534C07CF8B} = {09C3D3D7-7CE0-48D1-994F-EB534C07CF8B}
		{61F4B4D5-3608-4264-9F4B-B0DA3E3FDF62} = {61F4B4D5-3608-4264-9F4B-B0DA3E3FDF62}
		{3C8554D1-A74B-472F-B41B-5C528F855DC1} = {3C8554D1-A74B-472F-B41B-5C528F855DC1}
		{8CE83DCC-0358-4A35-ADFD-E4E29D169E9D} = {8CE83DCC-0358-4A35-ADFD-E4E29D169E9D}
		{40BEE8C7-9193-45CD-B714-208372731DA5} = {40BEE8C7-9193-45CD-B714-208372731DA5}
		{F02869B9-AAB7-4EB5-A692-2BD04EF177A6} = {F02869B9-AAB7-4EB5-A692-2BD04EF177A6}
		{70CA1FA9-BA9A-4EA4-9B7B-C747238991C1} = {70CA1FA9-BA9A-4EA4-9B7B-C747238991C1}
		{A0EDE9A0-65A1-4B63-A1AC-833C73DA0838} = {A0EDE9A0-65A1-4B63-A1AC-833C73DA0838}
		{EB961393-6495-4DD0-BF17-3ECA01C0BF00} = {EB961393-6495-4DD0-BF17-3ECA01C0BF00}
		{7B7BAB75-014F-44A2-9207-027E499ADDE7} = {7B7BAB75-014F-44A2-9207-027E499ADDE7}
		{B3EBCA6F-F8BA-44CD-9790-5C3B115CBE3B} = {B3EBCA6F-F8BA-44CD-9790-5C3B115CBE3B}
		{B951E36B-E057-4949-88B9-DD1352FAF79C} = {B951E36B-E057-4949-88B9-DD1352FAF79C}
		{B5C17E66-836C-4945-B26B-440EF0A727CA} = {B5C17E66-836C-4945-B26B-440EF0A727CA}
		{BC259A54-5365-4BF4-AABD-B68E48C33395} = {BC259A54-5365-4BF4-AABD-B68E48C33395}
		{9EE2433A-B460-45E0-8968-EC5CE8EF9875} = {9EE2433A-B460-45E0-8968-EC5CE8EF9875}
		{141DB220-D65A-4236-9A13-9A1C186CE97B} = {141DB220-D65A-4236-9A13-9A1C186CE97B}
		{7C1D6603-DAC2-4ABB-8C11-F8FCB990A88D} = {7C1D6603-DAC2-4ABB-8C11-F8FCB990A88D}
	EndProjectSection
EndProject
Project("{8BC9CEB8-8B4A-11D0-8D11-00A0C91BC942}") = "SQLiteDatabase", "platform\databases\SQLiteDatabase.vcproj", "{B3EBCA6F-F8BA-44CD-9790-5C3B115CBE3B}"
	ProjectSection(ProjectDependencies) = postProject
		{7C1D6603-DAC2-4ABB-8C11-F8FCB990A88D} = {7C1D6603-DAC2-4ABB-8C11-F8FCB990A88D}
	EndProjectSection
EndProject
Project("{8BC9CEB8-8B4A-11D0-8D11-00A0C91BC942}") = "pion-server", "platform\server\pion-server.vcproj", "{7B7BAB75-014F-44A2-9207-027E499ADDE7}"
	ProjectSection(ProjectDependencies) = postProject
		{61F4B4D5-3608-4264-9F4B-B0DA3E3FDF62} = {61F4B4D5-3608-4264-9F4B-B0DA3E3FDF62}
		{EB961393-6495-4DD0-BF17-3ECA01C0BF00} = {EB961393-6495-4DD0-BF17-3ECA01C0BF00}
		{7C1D6603-DAC2-4ABB-8C11-F8FCB990A88D} = {7C1D6603-DAC2-4ABB-8C11-F8FCB990A88D}
	EndProjectSection
EndProject
Project("{8BC9CEB8-8B4A-11D0-8D11-00A0C91BC942}") = "FilterReactor", "platform\reactors\FilterReactor.vcproj", "{B951E36B-E057-4949-88B9-DD1352FAF79C}"
	ProjectSection(ProjectDependencies) = postProject
		{7C1D6603-DAC2-4ABB-8C11-F8FCB990A88D} = {7C1D6603-DAC2-4ABB-8C11-F8FCB990A88D}
	EndProjectSection
EndProject
Project("{8BC9CEB8-8B4A-11D0-8D11-00A0C91BC942}") = "ConfigService", "platform\services\ConfigService.vcproj", "{B5C17E66-836C-4945-B26B-440EF0A727CA}"
	ProjectSection(ProjectDependencies) = postProject
		{61F4B4D5-3608-4264-9F4B-B0DA3E3FDF62} = {61F4B4D5-3608-4264-9F4B-B0DA3E3FDF62}
		{7B7BAB75-014F-44A2-9207-027E499ADDE7} = {7B7BAB75-014F-44A2-9207-027E499ADDE7}
		{7C1D6603-DAC2-4ABB-8C11-F8FCB990A88D} = {7C1D6603-DAC2-4ABB-8C11-F8FCB990A88D}
	EndProjectSection
EndProject
Project("{8BC9CEB8-8B4A-11D0-8D11-00A0C91BC942}") = "FeedService", "platform\services\FeedService.vcproj", "{BC259A54-5365-4BF4-AABD-B68E48C33395}"
	ProjectSection(ProjectDependencies) = postProject
		{61F4B4D5-3608-4264-9F4B-B0DA3E3FDF62} = {61F4B4D5-3608-4264-9F4B-B0DA3E3FDF62}
		{EB961393-6495-4DD0-BF17-3ECA01C0BF00} = {EB961393-6495-4DD0-BF17-3ECA01C0BF00}
		{7B7BAB75-014F-44A2-9207-027E499ADDE7} = {7B7BAB75-014F-44A2-9207-027E499ADDE7}
		{7C1D6603-DAC2-4ABB-8C11-F8FCB990A88D} = {7C1D6603-DAC2-4ABB-8C11-F8FCB990A88D}
	EndProjectSection
EndProject
Project("{8BC9CEB8-8B4A-11D0-8D11-00A0C91BC942}") = "LogInputReactor", "platform\reactors\LogInputReactor.vcproj", "{F02869B9-AAB7-4EB5-A692-2BD04EF177A6}"
	ProjectSection(ProjectDependencies) = postProject
		{EB961393-6495-4DD0-BF17-3ECA01C0BF00} = {EB961393-6495-4DD0-BF17-3ECA01C0BF00}
		{7C1D6603-DAC2-4ABB-8C11-F8FCB990A88D} = {7C1D6603-DAC2-4ABB-8C11-F8FCB990A88D}
	EndProjectSection
EndProject
Project("{8BC9CEB8-8B4A-11D0-8D11-00A0C91BC942}") = "LogOutputReactor", "platform\reactors\LogOutputReactor.vcproj", "{40BEE8C7-9193-45CD-B714-208372731DA5}"
	ProjectSection(ProjectDependencies) = postProject
		{EB961393-6495-4DD0-BF17-3ECA01C0BF00} = {EB961393-6495-4DD0-BF17-3ECA01C0BF00}
		{7C1D6603-DAC2-4ABB-8C11-F8FCB990A88D} = {7C1D6603-DAC2-4ABB-8C11-F8FCB990A88D}
	EndProjectSection
EndProject
Project("{8BC9CEB8-8B4A-11D0-8D11-00A0C91BC942}") = "TransformReactor", "platform\reactors\TransformReactor.vcproj", "{8CE83DCC-0358-4A35-ADFD-E4E29D169E9D}"
	ProjectSection(ProjectDependencies) = postProject
		{7C1D6603-DAC2-4ABB-8C11-F8FCB990A88D} = {7C1D6603-DAC2-4ABB-8C11-F8FCB990A88D}
	EndProjectSection
EndProject
Project("{8BC9CEB8-8B4A-11D0-8D11-00A0C91BC942}") = "DatabaseOutputReactor", "platform\reactors\DatabaseOutputReactor.vcproj", "{141DB220-D65A-4236-9A13-9A1C186CE97B}"
	ProjectSection(ProjectDependencies) = postProject
		{7C1D6603-DAC2-4ABB-8C11-F8FCB990A88D} = {7C1D6603-DAC2-4ABB-8C11-F8FCB990A88D}
	EndProjectSection
EndProject
Project("{8BC9CEB8-8B4A-11D0-8D11-00A0C91BC942}") = "PerformanceTests", "platform\tests\PerformanceTests.vcproj", "{24146E85-8908-49CD-9274-953E56869809}"
	ProjectSection(ProjectDependencies) = postProject
		{7C1D6603-DAC2-4ABB-8C11-F8FCB990A88D} = {7C1D6603-DAC2-4ABB-8C11-F8FCB990A88D}
		{EB961393-6495-4DD0-BF17-3ECA01C0BF00} = {EB961393-6495-4DD0-BF17-3ECA01C0BF00}
	EndProjectSection
EndProject
Global
	GlobalSection(SolutionConfigurationPlatforms) = preSolution
		Debug_DLL_full|Win32 = Debug_DLL_full|Win32
		Debug_DLL|Win32 = Debug_DLL|Win32
		Debug_static|Win32 = Debug_static|Win32
		Release_DLL_full|Win32 = Release_DLL_full|Win32
		Release_DLL|Win32 = Release_DLL|Win32
		Release_static|Win32 = Release_static|Win32
	EndGlobalSection
	GlobalSection(ProjectConfigurationPlatforms) = postSolution
		{61F4B4D5-3608-4264-9F4B-B0DA3E3FDF62}.Debug_DLL_full|Win32.ActiveCfg = Debug_DLL_full|Win32
		{61F4B4D5-3608-4264-9F4B-B0DA3E3FDF62}.Debug_DLL_full|Win32.Build.0 = Debug_DLL_full|Win32
		{61F4B4D5-3608-4264-9F4B-B0DA3E3FDF62}.Debug_DLL|Win32.ActiveCfg = Debug_DLL|Win32
		{61F4B4D5-3608-4264-9F4B-B0DA3E3FDF62}.Debug_DLL|Win32.Build.0 = Debug_DLL|Win32
		{61F4B4D5-3608-4264-9F4B-B0DA3E3FDF62}.Debug_static|Win32.ActiveCfg = Debug_static|Win32
		{61F4B4D5-3608-4264-9F4B-B0DA3E3FDF62}.Debug_static|Win32.Build.0 = Debug_static|Win32
		{61F4B4D5-3608-4264-9F4B-B0DA3E3FDF62}.Release_DLL_full|Win32.ActiveCfg = Release_DLL_full|Win32
		{61F4B4D5-3608-4264-9F4B-B0DA3E3FDF62}.Release_DLL_full|Win32.Build.0 = Release_DLL_full|Win32
		{61F4B4D5-3608-4264-9F4B-B0DA3E3FDF62}.Release_DLL|Win32.ActiveCfg = Release_DLL|Win32
		{61F4B4D5-3608-4264-9F4B-B0DA3E3FDF62}.Release_DLL|Win32.Build.0 = Release_DLL|Win32
		{61F4B4D5-3608-4264-9F4B-B0DA3E3FDF62}.Release_static|Win32.ActiveCfg = Release_static|Win32
		{61F4B4D5-3608-4264-9F4B-B0DA3E3FDF62}.Release_static|Win32.Build.0 = Release_static|Win32
		{1CF012D8-A47C-4D2B-952D-D90D19795A07}.Debug_DLL_full|Win32.ActiveCfg = Debug_DLL_full|Win32
		{1CF012D8-A47C-4D2B-952D-D90D19795A07}.Debug_DLL_full|Win32.Build.0 = Debug_DLL_full|Win32
		{1CF012D8-A47C-4D2B-952D-D90D19795A07}.Debug_DLL|Win32.ActiveCfg = Debug_DLL|Win32
		{1CF012D8-A47C-4D2B-952D-D90D19795A07}.Debug_DLL|Win32.Build.0 = Debug_DLL|Win32
		{1CF012D8-A47C-4D2B-952D-D90D19795A07}.Debug_static|Win32.ActiveCfg = Debug_static|Win32
		{1CF012D8-A47C-4D2B-952D-D90D19795A07}.Debug_static|Win32.Build.0 = Debug_static|Win32
		{1CF012D8-A47C-4D2B-952D-D90D19795A07}.Release_DLL_full|Win32.ActiveCfg = Release_DLL_full|Win32
		{1CF012D8-A47C-4D2B-952D-D90D19795A07}.Release_DLL_full|Win32.Build.0 = Release_DLL_full|Win32
		{1CF012D8-A47C-4D2B-952D-D90D19795A07}.Release_DLL|Win32.ActiveCfg = Release_DLL|Win32
		{1CF012D8-A47C-4D2B-952D-D90D19795A07}.Release_DLL|Win32.Build.0 = Release_DLL|Win32
		{1CF012D8-A47C-4D2B-952D-D90D19795A07}.Release_static|Win32.ActiveCfg = Release_static|Win32
		{1CF012D8-A47C-4D2B-952D-D90D19795A07}.Release_static|Win32.Build.0 = Release_static|Win32
		{09C3D3D7-7CE0-48D1-994F-EB534C07CF8B}.Debug_DLL_full|Win32.ActiveCfg = Debug_DLL_full|Win32
		{09C3D3D7-7CE0-48D1-994F-EB534C07CF8B}.Debug_DLL_full|Win32.Build.0 = Debug_DLL_full|Win32
		{09C3D3D7-7CE0-48D1-994F-EB534C07CF8B}.Debug_DLL|Win32.ActiveCfg = Debug_DLL|Win32
		{09C3D3D7-7CE0-48D1-994F-EB534C07CF8B}.Debug_DLL|Win32.Build.0 = Debug_DLL|Win32
		{09C3D3D7-7CE0-48D1-994F-EB534C07CF8B}.Debug_static|Win32.ActiveCfg = Debug_static|Win32
		{09C3D3D7-7CE0-48D1-994F-EB534C07CF8B}.Debug_static|Win32.Build.0 = Debug_static|Win32
		{09C3D3D7-7CE0-48D1-994F-EB534C07CF8B}.Release_DLL_full|Win32.ActiveCfg = Release_DLL_full|Win32
		{09C3D3D7-7CE0-48D1-994F-EB534C07CF8B}.Release_DLL_full|Win32.Build.0 = Release_DLL_full|Win32
		{09C3D3D7-7CE0-48D1-994F-EB534C07CF8B}.Release_DLL|Win32.ActiveCfg = Release_DLL|Win32
		{09C3D3D7-7CE0-48D1-994F-EB534C07CF8B}.Release_DLL|Win32.Build.0 = Release_DLL|Win32
		{09C3D3D7-7CE0-48D1-994F-EB534C07CF8B}.Release_static|Win32.ActiveCfg = Release_static|Win32
		{09C3D3D7-7CE0-48D1-994F-EB534C07CF8B}.Release_static|Win32.Build.0 = Release_static|Win32
		{70CA1FA9-BA9A-4EA4-9B7B-C747238991C1}.Debug_DLL_full|Win32.ActiveCfg = Debug_DLL_full|Win32
		{70CA1FA9-BA9A-4EA4-9B7B-C747238991C1}.Debug_DLL_full|Win32.Build.0 = Debug_DLL_full|Win32
		{70CA1FA9-BA9A-4EA4-9B7B-C747238991C1}.Debug_DLL|Win32.ActiveCfg = Debug_DLL|Win32
		{70CA1FA9-BA9A-4EA4-9B7B-C747238991C1}.Debug_DLL|Win32.Build.0 = Debug_DLL|Win32
		{70CA1FA9-BA9A-4EA4-9B7B-C747238991C1}.Debug_static|Win32.ActiveCfg = Debug_static|Win32
		{70CA1FA9-BA9A-4EA4-9B7B-C747238991C1}.Debug_static|Win32.Build.0 = Debug_static|Win32
		{70CA1FA9-BA9A-4EA4-9B7B-C747238991C1}.Release_DLL_full|Win32.ActiveCfg = Release_DLL_full|Win32
		{70CA1FA9-BA9A-4EA4-9B7B-C747238991C1}.Release_DLL_full|Win32.Build.0 = Release_DLL_full|Win32
		{70CA1FA9-BA9A-4EA4-9B7B-C747238991C1}.Release_DLL|Win32.ActiveCfg = Release_DLL|Win32
		{70CA1FA9-BA9A-4EA4-9B7B-C747238991C1}.Release_DLL|Win32.Build.0 = Release_DLL|Win32
		{70CA1FA9-BA9A-4EA4-9B7B-C747238991C1}.Release_static|Win32.ActiveCfg = Release_static|Win32
		{70CA1FA9-BA9A-4EA4-9B7B-C747238991C1}.Release_static|Win32.Build.0 = Release_static|Win32
		{9EE2433A-B460-45E0-8968-EC5CE8EF9875}.Debug_DLL_full|Win32.ActiveCfg = Debug_DLL_full|Win32
		{9EE2433A-B460-45E0-8968-EC5CE8EF9875}.Debug_DLL_full|Win32.Build.0 = Debug_DLL_full|Win32
		{9EE2433A-B460-45E0-8968-EC5CE8EF9875}.Debug_DLL|Win32.ActiveCfg = Debug_DLL|Win32
		{9EE2433A-B460-45E0-8968-EC5CE8EF9875}.Debug_DLL|Win32.Build.0 = Debug_DLL|Win32
		{9EE2433A-B460-45E0-8968-EC5CE8EF9875}.Debug_static|Win32.ActiveCfg = Debug_static|Win32
		{9EE2433A-B460-45E0-8968-EC5CE8EF9875}.Debug_static|Win32.Build.0 = Debug_static|Win32
		{9EE2433A-B460-45E0-8968-EC5CE8EF9875}.Release_DLL_full|Win32.ActiveCfg = Release_DLL_full|Win32
		{9EE2433A-B460-45E0-8968-EC5CE8EF9875}.Release_DLL_full|Win32.Build.0 = Release_DLL_full|Win32
		{9EE2433A-B460-45E0-8968-EC5CE8EF9875}.Release_DLL|Win32.ActiveCfg = Release_DLL|Win32
		{9EE2433A-B460-45E0-8968-EC5CE8EF9875}.Release_DLL|Win32.Build.0 = Release_DLL|Win32
		{9EE2433A-B460-45E0-8968-EC5CE8EF9875}.Release_static|Win32.ActiveCfg = Release_static|Win32
		{9EE2433A-B460-45E0-8968-EC5CE8EF9875}.Release_static|Win32.Build.0 = Release_static|Win32
		{12F95FE7-ACE1-4281-86BF-4117AE2D633E}.Debug_DLL_full|Win32.ActiveCfg = Debug_DLL_full|Win32
		{12F95FE7-ACE1-4281-86BF-4117AE2D633E}.Debug_DLL_full|Win32.Build.0 = Debug_DLL_full|Win32
		{12F95FE7-ACE1-4281-86BF-4117AE2D633E}.Debug_DLL|Win32.ActiveCfg = Debug_DLL|Win32
		{12F95FE7-ACE1-4281-86BF-4117AE2D633E}.Debug_DLL|Win32.Build.0 = Debug_DLL|Win32
		{12F95FE7-ACE1-4281-86BF-4117AE2D633E}.Debug_static|Win32.ActiveCfg = Debug_static|Win32
		{12F95FE7-ACE1-4281-86BF-4117AE2D633E}.Debug_static|Win32.Build.0 = Debug_static|Win32
		{12F95FE7-ACE1-4281-86BF-4117AE2D633E}.Release_DLL_full|Win32.ActiveCfg = Release_DLL_full|Win32
		{12F95FE7-ACE1-4281-86BF-4117AE2D633E}.Release_DLL_full|Win32.Build.0 = Release_DLL_full|Win32
		{12F95FE7-ACE1-4281-86BF-4117AE2D633E}.Release_DLL|Win32.ActiveCfg = Release_DLL|Win32
		{12F95FE7-ACE1-4281-86BF-4117AE2D633E}.Release_DLL|Win32.Build.0 = Release_DLL|Win32
		{12F95FE7-ACE1-4281-86BF-4117AE2D633E}.Release_static|Win32.ActiveCfg = Release_static|Win32
		{12F95FE7-ACE1-4281-86BF-4117AE2D633E}.Release_static|Win32.Build.0 = Release_static|Win32
		{EB961393-6495-4DD0-BF17-3ECA01C0BF00}.Debug_DLL_full|Win32.ActiveCfg = Debug_DLL_full|Win32
		{EB961393-6495-4DD0-BF17-3ECA01C0BF00}.Debug_DLL_full|Win32.Build.0 = Debug_DLL_full|Win32
		{EB961393-6495-4DD0-BF17-3ECA01C0BF00}.Debug_DLL|Win32.ActiveCfg = Debug_DLL|Win32
		{EB961393-6495-4DD0-BF17-3ECA01C0BF00}.Debug_DLL|Win32.Build.0 = Debug_DLL|Win32
		{EB961393-6495-4DD0-BF17-3ECA01C0BF00}.Debug_static|Win32.ActiveCfg = Debug_static|Win32
		{EB961393-6495-4DD0-BF17-3ECA01C0BF00}.Debug_static|Win32.Build.0 = Debug_static|Win32
		{EB961393-6495-4DD0-BF17-3ECA01C0BF00}.Release_DLL_full|Win32.ActiveCfg = Release_DLL_full|Win32
		{EB961393-6495-4DD0-BF17-3ECA01C0BF00}.Release_DLL_full|Win32.Build.0 = Release_DLL_full|Win32
		{EB961393-6495-4DD0-BF17-3ECA01C0BF00}.Release_DLL|Win32.ActiveCfg = Release_DLL|Win32
		{EB961393-6495-4DD0-BF17-3ECA01C0BF00}.Release_DLL|Win32.Build.0 = Release_DLL|Win32
		{EB961393-6495-4DD0-BF17-3ECA01C0BF00}.Release_static|Win32.ActiveCfg = Release_static|Win32
		{EB961393-6495-4DD0-BF17-3ECA01C0BF00}.Release_static|Win32.Build.0 = Release_static|Win32
		{7F738CE8-E48E-4418-9E4A-2ABCF64685B5}.Debug_DLL_full|Win32.ActiveCfg = Debug_DLL_full|Win32
		{7F738CE8-E48E-4418-9E4A-2ABCF64685B5}.Debug_DLL_full|Win32.Build.0 = Debug_DLL_full|Win32
		{7F738CE8-E48E-4418-9E4A-2ABCF64685B5}.Debug_DLL|Win32.ActiveCfg = Debug_DLL|Win32
		{7F738CE8-E48E-4418-9E4A-2ABCF64685B5}.Debug_DLL|Win32.Build.0 = Debug_DLL|Win32
		{7F738CE8-E48E-4418-9E4A-2ABCF64685B5}.Debug_static|Win32.ActiveCfg = Debug_static|Win32
		{7F738CE8-E48E-4418-9E4A-2ABCF64685B5}.Debug_static|Win32.Build.0 = Debug_static|Win32
		{7F738CE8-E48E-4418-9E4A-2ABCF64685B5}.Release_DLL_full|Win32.ActiveCfg = Release_DLL_full|Win32
		{7F738CE8-E48E-4418-9E4A-2ABCF64685B5}.Release_DLL_full|Win32.Build.0 = Release_DLL_full|Win32
		{7F738CE8-E48E-4418-9E4A-2ABCF64685B5}.Release_DLL|Win32.ActiveCfg = Release_DLL|Win32
		{7F738CE8-E48E-4418-9E4A-2ABCF64685B5}.Release_DLL|Win32.Build.0 = Release_DLL|Win32
		{7F738CE8-E48E-4418-9E4A-2ABCF64685B5}.Release_static|Win32.ActiveCfg = Release_static|Win32
		{7F738CE8-E48E-4418-9E4A-2ABCF64685B5}.Release_static|Win32.Build.0 = Release_static|Win32
		{A0EDE9A0-65A1-4B63-A1AC-833C73DA0838}.Debug_DLL_full|Win32.ActiveCfg = Debug_DLL_full|Win32
		{A0EDE9A0-65A1-4B63-A1AC-833C73DA0838}.Debug_DLL_full|Win32.Build.0 = Debug_DLL_full|Win32
		{A0EDE9A0-65A1-4B63-A1AC-833C73DA0838}.Debug_DLL|Win32.ActiveCfg = Debug_DLL|Win32
		{A0EDE9A0-65A1-4B63-A1AC-833C73DA0838}.Debug_DLL|Win32.Build.0 = Debug_DLL|Win32
		{A0EDE9A0-65A1-4B63-A1AC-833C73DA0838}.Debug_static|Win32.ActiveCfg = Debug_DLL_full|Win32
		{A0EDE9A0-65A1-4B63-A1AC-833C73DA0838}.Debug_static|Win32.Build.0 = Debug_DLL_full|Win32
		{A0EDE9A0-65A1-4B63-A1AC-833C73DA0838}.Release_DLL_full|Win32.ActiveCfg = Release_DLL_full|Win32
		{A0EDE9A0-65A1-4B63-A1AC-833C73DA0838}.Release_DLL_full|Win32.Build.0 = Release_DLL_full|Win32
		{A0EDE9A0-65A1-4B63-A1AC-833C73DA0838}.Release_DLL|Win32.ActiveCfg = Release_DLL|Win32
		{A0EDE9A0-65A1-4B63-A1AC-833C73DA0838}.Release_DLL|Win32.Build.0 = Release_DLL|Win32
		{A0EDE9A0-65A1-4B63-A1AC-833C73DA0838}.Release_static|Win32.ActiveCfg = Release_DLL_full|Win32
		{A0EDE9A0-65A1-4B63-A1AC-833C73DA0838}.Release_static|Win32.Build.0 = Release_DLL_full|Win32
		{4396A4EE-5F86-4E5B-849A-A6F97091DCF8}.Debug_DLL_full|Win32.ActiveCfg = Debug_DLL_full|Win32
		{4396A4EE-5F86-4E5B-849A-A6F97091DCF8}.Debug_DLL_full|Win32.Build.0 = Debug_DLL_full|Win32
		{4396A4EE-5F86-4E5B-849A-A6F97091DCF8}.Debug_DLL|Win32.ActiveCfg = Debug_DLL|Win32
		{4396A4EE-5F86-4E5B-849A-A6F97091DCF8}.Debug_DLL|Win32.Build.0 = Debug_DLL|Win32
		{4396A4EE-5F86-4E5B-849A-A6F97091DCF8}.Debug_static|Win32.ActiveCfg = Debug_DLL_full|Win32
		{4396A4EE-5F86-4E5B-849A-A6F97091DCF8}.Debug_static|Win32.Build.0 = Debug_DLL_full|Win32
		{4396A4EE-5F86-4E5B-849A-A6F97091DCF8}.Release_DLL_full|Win32.ActiveCfg = Release_DLL_full|Win32
		{4396A4EE-5F86-4E5B-849A-A6F97091DCF8}.Release_DLL_full|Win32.Build.0 = Release_DLL_full|Win32
		{4396A4EE-5F86-4E5B-849A-A6F97091DCF8}.Release_DLL|Win32.ActiveCfg = Release_DLL|Win32
		{4396A4EE-5F86-4E5B-849A-A6F97091DCF8}.Release_DLL|Win32.Build.0 = Release_DLL|Win32
		{4396A4EE-5F86-4E5B-849A-A6F97091DCF8}.Release_static|Win32.ActiveCfg = Release_DLL_full|Win32
		{4396A4EE-5F86-4E5B-849A-A6F97091DCF8}.Release_static|Win32.Build.0 = Release_DLL_full|Win32
		{3C8554D1-A74B-472F-B41B-5C528F855DC1}.Debug_DLL_full|Win32.ActiveCfg = Debug_DLL_full|Win32
		{3C8554D1-A74B-472F-B41B-5C528F855DC1}.Debug_DLL_full|Win32.Build.0 = Debug_DLL_full|Win32
		{3C8554D1-A74B-472F-B41B-5C528F855DC1}.Debug_DLL|Win32.ActiveCfg = Debug_DLL|Win32
		{3C8554D1-A74B-472F-B41B-5C528F855DC1}.Debug_DLL|Win32.Build.0 = Debug_DLL|Win32
		{3C8554D1-A74B-472F-B41B-5C528F855DC1}.Debug_static|Win32.ActiveCfg = Debug_DLL_full|Win32
		{3C8554D1-A74B-472F-B41B-5C528F855DC1}.Debug_static|Win32.Build.0 = Debug_DLL_full|Win32
		{3C8554D1-A74B-472F-B41B-5C528F855DC1}.Release_DLL_full|Win32.ActiveCfg = Release_DLL_full|Win32
		{3C8554D1-A74B-472F-B41B-5C528F855DC1}.Release_DLL_full|Win32.Build.0 = Release_DLL_full|Win32
		{3C8554D1-A74B-472F-B41B-5C528F855DC1}.Release_DLL|Win32.ActiveCfg = Release_DLL|Win32
		{3C8554D1-A74B-472F-B41B-5C528F855DC1}.Release_DLL|Win32.Build.0 = Release_DLL|Win32
		{3C8554D1-A74B-472F-B41B-5C528F855DC1}.Release_static|Win32.ActiveCfg = Release_DLL_full|Win32
		{3C8554D1-A74B-472F-B41B-5C528F855DC1}.Release_static|Win32.Build.0 = Release_DLL_full|Win32
		{7C1D6603-DAC2-4ABB-8C11-F8FCB990A88D}.Debug_DLL_full|Win32.ActiveCfg = Debug_DLL_full|Win32
		{7C1D6603-DAC2-4ABB-8C11-F8FCB990A88D}.Debug_DLL_full|Win32.Build.0 = Debug_DLL_full|Win32
		{7C1D6603-DAC2-4ABB-8C11-F8FCB990A88D}.Debug_DLL|Win32.ActiveCfg = Debug_DLL|Win32
		{7C1D6603-DAC2-4ABB-8C11-F8FCB990A88D}.Debug_DLL|Win32.Build.0 = Debug_DLL|Win32
		{7C1D6603-DAC2-4ABB-8C11-F8FCB990A88D}.Debug_static|Win32.ActiveCfg = Debug_DLL_full|Win32
		{7C1D6603-DAC2-4ABB-8C11-F8FCB990A88D}.Debug_static|Win32.Build.0 = Debug_DLL_full|Win32
		{7C1D6603-DAC2-4ABB-8C11-F8FCB990A88D}.Release_DLL_full|Win32.ActiveCfg = Release_DLL_full|Win32
		{7C1D6603-DAC2-4ABB-8C11-F8FCB990A88D}.Release_DLL_full|Win32.Build.0 = Release_DLL_full|Win32
		{7C1D6603-DAC2-4ABB-8C11-F8FCB990A88D}.Release_DLL|Win32.ActiveCfg = Release_DLL|Win32
		{7C1D6603-DAC2-4ABB-8C11-F8FCB990A88D}.Release_DLL|Win32.Build.0 = Release_DLL|Win32
		{7C1D6603-DAC2-4ABB-8C11-F8FCB990A88D}.Release_static|Win32.ActiveCfg = Release_DLL_full|Win32
		{7C1D6603-DAC2-4ABB-8C11-F8FCB990A88D}.Release_static|Win32.Build.0 = Release_DLL_full|Win32
		{BE12B953-FECB-470B-AC62-24FA5BC419D8}.Debug_DLL_full|Win32.ActiveCfg = Debug_DLL_full|Win32
		{BE12B953-FECB-470B-AC62-24FA5BC419D8}.Debug_DLL_full|Win32.Build.0 = Debug_DLL_full|Win32
		{BE12B953-FECB-470B-AC62-24FA5BC419D8}.Debug_DLL|Win32.ActiveCfg = Debug_DLL|Win32
		{BE12B953-FECB-470B-AC62-24FA5BC419D8}.Debug_DLL|Win32.Build.0 = Debug_DLL|Win32
		{BE12B953-FECB-470B-AC62-24FA5BC419D8}.Debug_static|Win32.ActiveCfg = Debug_DLL_full|Win32
		{BE12B953-FECB-470B-AC62-24FA5BC419D8}.Debug_static|Win32.Build.0 = Debug_DLL_full|Win32
		{BE12B953-FECB-470B-AC62-24FA5BC419D8}.Release_DLL_full|Win32.ActiveCfg = Release_DLL_full|Win32
		{BE12B953-FECB-470B-AC62-24FA5BC419D8}.Release_DLL_full|Win32.Build.0 = Release_DLL_full|Win32
		{BE12B953-FECB-470B-AC62-24FA5BC419D8}.Release_DLL|Win32.ActiveCfg = Release_DLL|Win32
		{BE12B953-FECB-470B-AC62-24FA5BC419D8}.Release_DLL|Win32.Build.0 = Release_DLL|Win32
		{BE12B953-FECB-470B-AC62-24FA5BC419D8}.Release_static|Win32.ActiveCfg = Release_DLL_full|Win32
		{BE12B953-FECB-470B-AC62-24FA5BC419D8}.Release_static|Win32.Build.0 = Release_DLL_full|Win32
		{B3EBCA6F-F8BA-44CD-9790-5C3B115CBE3B}.Debug_DLL_full|Win32.ActiveCfg = Debug_DLL_full|Win32
		{B3EBCA6F-F8BA-44CD-9790-5C3B115CBE3B}.Debug_DLL_full|Win32.Build.0 = Debug_DLL_full|Win32
		{B3EBCA6F-F8BA-44CD-9790-5C3B115CBE3B}.Debug_DLL|Win32.ActiveCfg = Debug_DLL|Win32
		{B3EBCA6F-F8BA-44CD-9790-5C3B115CBE3B}.Debug_DLL|Win32.Build.0 = Debug_DLL|Win32
		{B3EBCA6F-F8BA-44CD-9790-5C3B115CBE3B}.Debug_static|Win32.ActiveCfg = Debug_DLL_full|Win32
		{B3EBCA6F-F8BA-44CD-9790-5C3B115CBE3B}.Debug_static|Win32.Build.0 = Debug_DLL_full|Win32
		{B3EBCA6F-F8BA-44CD-9790-5C3B115CBE3B}.Release_DLL_full|Win32.ActiveCfg = Release_DLL_full|Win32
		{B3EBCA6F-F8BA-44CD-9790-5C3B115CBE3B}.Release_DLL_full|Win32.Build.0 = Release_DLL_full|Win32
		{B3EBCA6F-F8BA-44CD-9790-5C3B115CBE3B}.Release_DLL|Win32.ActiveCfg = Release_DLL|Win32
		{B3EBCA6F-F8BA-44CD-9790-5C3B115CBE3B}.Release_DLL|Win32.Build.0 = Release_DLL|Win32
		{B3EBCA6F-F8BA-44CD-9790-5C3B115CBE3B}.Release_static|Win32.ActiveCfg = Release_DLL_full|Win32
		{B3EBCA6F-F8BA-44CD-9790-5C3B115CBE3B}.Release_static|Win32.Build.0 = Release_DLL_full|Win32
		{7B7BAB75-014F-44A2-9207-027E499ADDE7}.Debug_DLL_full|Win32.ActiveCfg = Debug_DLL_full|Win32
		{7B7BAB75-014F-44A2-9207-027E499ADDE7}.Debug_DLL_full|Win32.Build.0 = Debug_DLL_full|Win32
		{7B7BAB75-014F-44A2-9207-027E499ADDE7}.Debug_DLL|Win32.ActiveCfg = Debug_DLL|Win32
		{7B7BAB75-014F-44A2-9207-027E499ADDE7}.Debug_DLL|Win32.Build.0 = Debug_DLL|Win32
		{7B7BAB75-014F-44A2-9207-027E499ADDE7}.Debug_static|Win32.ActiveCfg = Debug_DLL_full|Win32
		{7B7BAB75-014F-44A2-9207-027E499ADDE7}.Debug_static|Win32.Build.0 = Debug_DLL_full|Win32
		{7B7BAB75-014F-44A2-9207-027E499ADDE7}.Release_DLL_full|Win32.ActiveCfg = Release_DLL_full|Win32
		{7B7BAB75-014F-44A2-9207-027E499ADDE7}.Release_DLL_full|Win32.Build.0 = Release_DLL_full|Win32
		{7B7BAB75-014F-44A2-9207-027E499ADDE7}.Release_DLL|Win32.ActiveCfg = Release_DLL|Win32
		{7B7BAB75-014F-44A2-9207-027E499ADDE7}.Release_DLL|Win32.Build.0 = Release_DLL|Win32
		{7B7BAB75-014F-44A2-9207-027E499ADDE7}.Release_static|Win32.ActiveCfg = Release_DLL_full|Win32
		{7B7BAB75-014F-44A2-9207-027E499ADDE7}.Release_static|Win32.Build.0 = Release_DLL_full|Win32
		{B951E36B-E057-4949-88B9-DD1352FAF79C}.Debug_DLL_full|Win32.ActiveCfg = Debug_DLL_full|Win32
		{B951E36B-E057-4949-88B9-DD1352FAF79C}.Debug_DLL_full|Win32.Build.0 = Debug_DLL_full|Win32
		{B951E36B-E057-4949-88B9-DD1352FAF79C}.Debug_DLL|Win32.ActiveCfg = Debug_DLL|Win32
		{B951E36B-E057-4949-88B9-DD1352FAF79C}.Debug_DLL|Win32.Build.0 = Debug_DLL|Win32
		{B951E36B-E057-4949-88B9-DD1352FAF79C}.Debug_static|Win32.ActiveCfg = Debug_DLL_full|Win32
		{B951E36B-E057-4949-88B9-DD1352FAF79C}.Debug_static|Win32.Build.0 = Debug_DLL_full|Win32
		{B951E36B-E057-4949-88B9-DD1352FAF79C}.Release_DLL_full|Win32.ActiveCfg = Release_DLL_full|Win32
		{B951E36B-E057-4949-88B9-DD1352FAF79C}.Release_DLL_full|Win32.Build.0 = Release_DLL_full|Win32
		{B951E36B-E057-4949-88B9-DD1352FAF79C}.Release_DLL|Win32.ActiveCfg = Release_DLL|Win32
		{B951E36B-E057-4949-88B9-DD1352FAF79C}.Release_DLL|Win32.Build.0 = Release_DLL|Win32
		{B951E36B-E057-4949-88B9-DD1352FAF79C}.Release_static|Win32.ActiveCfg = Release_DLL_full|Win32
		{B951E36B-E057-4949-88B9-DD1352FAF79C}.Release_static|Win32.Build.0 = Release_DLL_full|Win32
		{B5C17E66-836C-4945-B26B-440EF0A727CA}.Debug_DLL_full|Win32.ActiveCfg = Debug_DLL_full|Win32
		{B5C17E66-836C-4945-B26B-440EF0A727CA}.Debug_DLL_full|Win32.Build.0 = Debug_DLL_full|Win32
		{B5C17E66-836C-4945-B26B-440EF0A727CA}.Debug_DLL|Win32.ActiveCfg = Debug_DLL|Win32
		{B5C17E66-836C-4945-B26B-440EF0A727CA}.Debug_DLL|Win32.Build.0 = Debug_DLL|Win32
		{B5C17E66-836C-4945-B26B-440EF0A727CA}.Debug_static|Win32.ActiveCfg = Debug_DLL_full|Win32
		{B5C17E66-836C-4945-B26B-440EF0A727CA}.Debug_static|Win32.Build.0 = Debug_DLL_full|Win32
		{B5C17E66-836C-4945-B26B-440EF0A727CA}.Release_DLL_full|Win32.ActiveCfg = Release_DLL_full|Win32
		{B5C17E66-836C-4945-B26B-440EF0A727CA}.Release_DLL_full|Win32.Build.0 = Release_DLL_full|Win32
		{B5C17E66-836C-4945-B26B-440EF0A727CA}.Release_DLL|Win32.ActiveCfg = Release_DLL|Win32
		{B5C17E66-836C-4945-B26B-440EF0A727CA}.Release_DLL|Win32.Build.0 = Release_DLL|Win32
		{B5C17E66-836C-4945-B26B-440EF0A727CA}.Release_static|Win32.ActiveCfg = Release_DLL_full|Win32
		{B5C17E66-836C-4945-B26B-440EF0A727CA}.Release_static|Win32.Build.0 = Release_DLL_full|Win32
		{BC259A54-5365-4BF4-AABD-B68E48C33395}.Debug_DLL_full|Win32.ActiveCfg = Debug_DLL_full|Win32
		{BC259A54-5365-4BF4-AABD-B68E48C33395}.Debug_DLL_full|Win32.Build.0 = Debug_DLL_full|Win32
		{BC259A54-5365-4BF4-AABD-B68E48C33395}.Debug_DLL|Win32.ActiveCfg = Debug_DLL|Win32
		{BC259A54-5365-4BF4-AABD-B68E48C33395}.Debug_DLL|Win32.Build.0 = Debug_DLL|Win32
		{BC259A54-5365-4BF4-AABD-B68E48C33395}.Debug_static|Win32.ActiveCfg = Debug_DLL_full|Win32
		{BC259A54-5365-4BF4-AABD-B68E48C33395}.Debug_static|Win32.Build.0 = Debug_DLL_full|Win32
		{BC259A54-5365-4BF4-AABD-B68E48C33395}.Release_DLL_full|Win32.ActiveCfg = Release_DLL_full|Win32
		{BC259A54-5365-4BF4-AABD-B68E48C33395}.Release_DLL_full|Win32.Build.0 = Release_DLL_full|Win32
		{BC259A54-5365-4BF4-AABD-B68E48C33395}.Release_DLL|Win32.ActiveCfg = Release_DLL|Win32
		{BC259A54-5365-4BF4-AABD-B68E48C33395}.Release_DLL|Win32.Build.0 = Release_DLL|Win32
		{BC259A54-5365-4BF4-AABD-B68E48C33395}.Release_static|Win32.ActiveCfg = Release_DLL_full|Win32
		{BC259A54-5365-4BF4-AABD-B68E48C33395}.Release_static|Win32.Build.0 = Release_DLL_full|Win32
		{F02869B9-AAB7-4EB5-A692-2BD04EF177A6}.Debug_DLL_full|Win32.ActiveCfg = Debug_DLL_full|Win32
		{F02869B9-AAB7-4EB5-A692-2BD04EF177A6}.Debug_DLL_full|Win32.Build.0 = Debug_DLL_full|Win32
		{F02869B9-AAB7-4EB5-A692-2BD04EF177A6}.Debug_DLL|Win32.ActiveCfg = Debug_DLL|Win32
		{F02869B9-AAB7-4EB5-A692-2BD04EF177A6}.Debug_DLL|Win32.Build.0 = Debug_DLL|Win32
		{F02869B9-AAB7-4EB5-A692-2BD04EF177A6}.Debug_static|Win32.ActiveCfg = Debug_DLL_full|Win32
		{F02869B9-AAB7-4EB5-A692-2BD04EF177A6}.Debug_static|Win32.Build.0 = Debug_DLL_full|Win32
		{F02869B9-AAB7-4EB5-A692-2BD04EF177A6}.Release_DLL_full|Win32.ActiveCfg = Release_DLL_full|Win32
		{F02869B9-AAB7-4EB5-A692-2BD04EF177A6}.Release_DLL_full|Win32.Build.0 = Release_DLL_full|Win32
		{F02869B9-AAB7-4EB5-A692-2BD04EF177A6}.Release_DLL|Win32.ActiveCfg = Release_DLL|Win32
		{F02869B9-AAB7-4EB5-A692-2BD04EF177A6}.Release_DLL|Win32.Build.0 = Release_DLL|Win32
		{F02869B9-AAB7-4EB5-A692-2BD04EF177A6}.Release_static|Win32.ActiveCfg = Release_DLL_full|Win32
		{F02869B9-AAB7-4EB5-A692-2BD04EF177A6}.Release_static|Win32.Build.0 = Release_DLL_full|Win32
		{40BEE8C7-9193-45CD-B714-208372731DA5}.Debug_DLL_full|Win32.ActiveCfg = Debug_DLL_full|Win32
		{40BEE8C7-9193-45CD-B714-208372731DA5}.Debug_DLL_full|Win32.Build.0 = Debug_DLL_full|Win32
		{40BEE8C7-9193-45CD-B714-208372731DA5}.Debug_DLL|Win32.ActiveCfg = Debug_DLL|Win32
		{40BEE8C7-9193-45CD-B714-208372731DA5}.Debug_DLL|Win32.Build.0 = Debug_DLL|Win32
		{40BEE8C7-9193-45CD-B714-208372731DA5}.Debug_static|Win32.ActiveCfg = Debug_DLL_full|Win32
		{40BEE8C7-9193-45CD-B714-208372731DA5}.Debug_static|Win32.Build.0 = Debug_DLL_full|Win32
		{40BEE8C7-9193-45CD-B714-208372731DA5}.Release_DLL_full|Win32.ActiveCfg = Release_DLL_full|Win32
		{40BEE8C7-9193-45CD-B714-208372731DA5}.Release_DLL_full|Win32.Build.0 = Release_DLL_full|Win32
		{40BEE8C7-9193-45CD-B714-208372731DA5}.Release_DLL|Win32.ActiveCfg = Release_DLL|Win32
		{40BEE8C7-9193-45CD-B714-208372731DA5}.Release_DLL|Win32.Build.0 = Release_DLL|Win32
		{40BEE8C7-9193-45CD-B714-208372731DA5}.Release_static|Win32.ActiveCfg = Release_DLL_full|Win32
		{40BEE8C7-9193-45CD-B714-208372731DA5}.Release_static|Win32.Build.0 = Release_DLL_full|Win32
		{8CE83DCC-0358-4A35-ADFD-E4E29D169E9D}.Debug_DLL_full|Win32.ActiveCfg = Debug_DLL_full|Win32
		{8CE83DCC-0358-4A35-ADFD-E4E29D169E9D}.Debug_DLL_full|Win32.Build.0 = Debug_DLL_full|Win32
		{8CE83DCC-0358-4A35-ADFD-E4E29D169E9D}.Debug_DLL|Win32.ActiveCfg = Debug_DLL|Win32
		{8CE83DCC-0358-4A35-ADFD-E4E29D169E9D}.Debug_DLL|Win32.Build.0 = Debug_DLL|Win32
		{8CE83DCC-0358-4A35-ADFD-E4E29D169E9D}.Debug_static|Win32.ActiveCfg = Debug_DLL_full|Win32
		{8CE83DCC-0358-4A35-ADFD-E4E29D169E9D}.Debug_static|Win32.Build.0 = Debug_DLL_full|Win32
		{8CE83DCC-0358-4A35-ADFD-E4E29D169E9D}.Release_DLL_full|Win32.ActiveCfg = Release_DLL_full|Win32
		{8CE83DCC-0358-4A35-ADFD-E4E29D169E9D}.Release_DLL_full|Win32.Build.0 = Release_DLL_full|Win32
		{8CE83DCC-0358-4A35-ADFD-E4E29D169E9D}.Release_DLL|Win32.ActiveCfg = Release_DLL|Win32
		{8CE83DCC-0358-4A35-ADFD-E4E29D169E9D}.Release_DLL|Win32.Build.0 = Release_DLL|Win32
		{8CE83DCC-0358-4A35-ADFD-E4E29D169E9D}.Release_static|Win32.ActiveCfg = Release_DLL_full|Win32
		{8CE83DCC-0358-4A35-ADFD-E4E29D169E9D}.Release_static|Win32.Build.0 = Release_DLL_full|Win32
		{141DB220-D65A-4236-9A13-9A1C186CE97B}.Debug_DLL_full|Win32.ActiveCfg = Debug_DLL_full|Win32
		{141DB220-D65A-4236-9A13-9A1C186CE97B}.Debug_DLL_full|Win32.Build.0 = Debug_DLL_full|Win32
		{141DB220-D65A-4236-9A13-9A1C186CE97B}.Debug_DLL|Win32.ActiveCfg = Debug_DLL|Win32
		{141DB220-D65A-4236-9A13-9A1C186CE97B}.Debug_DLL|Win32.Build.0 = Debug_DLL|Win32
		{141DB220-D65A-4236-9A13-9A1C186CE97B}.Debug_static|Win32.ActiveCfg = Debug_DLL_full|Win32
		{141DB220-D65A-4236-9A13-9A1C186CE97B}.Debug_static|Win32.Build.0 = Debug_DLL_full|Win32
		{141DB220-D65A-4236-9A13-9A1C186CE97B}.Release_DLL_full|Win32.ActiveCfg = Release_DLL_full|Win32
		{141DB220-D65A-4236-9A13-9A1C186CE97B}.Release_DLL_full|Win32.Build.0 = Release_DLL_full|Win32
		{141DB220-D65A-4236-9A13-9A1C186CE97B}.Release_DLL|Win32.ActiveCfg = Release_DLL|Win32
		{141DB220-D65A-4236-9A13-9A1C186CE97B}.Release_DLL|Win32.Build.0 = Release_DLL|Win32
		{141DB220-D65A-4236-9A13-9A1C186CE97B}.Release_static|Win32.ActiveCfg = Release_DLL_full|Win32
		{141DB220-D65A-4236-9A13-9A1C186CE97B}.Release_static|Win32.Build.0 = Release_DLL_full|Win32
		{24146E85-8908-49CD-9274-953E56869809}.Debug_DLL_full|Win32.ActiveCfg = Debug_DLL_full|Win32
		{24146E85-8908-49CD-9274-953E56869809}.Debug_DLL_full|Win32.Build.0 = Debug_DLL_full|Win32
		{24146E85-8908-49CD-9274-953E56869809}.Debug_DLL|Win32.ActiveCfg = Debug_DLL|Win32
		{24146E85-8908-49CD-9274-953E56869809}.Debug_DLL|Win32.Build.0 = Debug_DLL|Win32
		{24146E85-8908-49CD-9274-953E56869809}.Debug_static|Win32.ActiveCfg = Debug_DLL_full|Win32
		{24146E85-8908-49CD-9274-953E56869809}.Debug_static|Win32.Build.0 = Debug_DLL_full|Win32
		{24146E85-8908-49CD-9274-953E56869809}.Release_DLL_full|Win32.ActiveCfg = Release_DLL_full|Win32
		{24146E85-8908-49CD-9274-953E56869809}.Release_DLL_full|Win32.Build.0 = Release_DLL_full|Win32
		{24146E85-8908-49CD-9274-953E56869809}.Release_DLL|Win32.ActiveCfg = Release_DLL|Win32
		{24146E85-8908-49CD-9274-953E56869809}.Release_DLL|Win32.Build.0 = Release_DLL|Win32
		{24146E85-8908-49CD-9274-953E56869809}.Release_static|Win32.ActiveCfg = Release_DLL_full|Win32
		{24146E85-8908-49CD-9274-953E56869809}.Release_static|Win32.Build.0 = Release_DLL_full|Win32
	EndGlobalSection
	GlobalSection(SolutionProperties) = preSolution
		HideSolutionNode = FALSE
	EndGlobalSection
EndGlobal
