// !$*UTF8*$!
{
	archiveVersion = 1;
	classes = {
	};
	objectVersion = 42;
	objects = {

/* Begin PBXBuildFile section */
		E34918CC0BFE5B94001E1387 /* PionPlugin.cpp in Sources */ = {isa = PBXBuildFile; fileRef = E34918C50BFE5B94001E1387 /* PionPlugin.cpp */; };
		E34918D30BFE5B94001E1387 /* PionPlugin.cpp in Sources */ = {isa = PBXBuildFile; fileRef = E34918C50BFE5B94001E1387 /* PionPlugin.cpp */; };
		E37503800CA73F3E00E6DA9A /* PionConfig.hpp in Headers */ = {isa = PBXBuildFile; fileRef = E375037B0CA73F3E00E6DA9A /* PionConfig.hpp */; };
		E37503810CA73F3E00E6DA9A /* PionException.hpp in Headers */ = {isa = PBXBuildFile; fileRef = E375037C0CA73F3E00E6DA9A /* PionException.hpp */; };
		E37503820CA73F3E00E6DA9A /* PionHashMap.hpp in Headers */ = {isa = PBXBuildFile; fileRef = E375037D0CA73F3E00E6DA9A /* PionHashMap.hpp */; };
		E37503830CA73F3E00E6DA9A /* PionLogger.hpp in Headers */ = {isa = PBXBuildFile; fileRef = E375037E0CA73F3E00E6DA9A /* PionLogger.hpp */; };
		E37503840CA73F3E00E6DA9A /* PionPlugin.hpp in Headers */ = {isa = PBXBuildFile; fileRef = E375037F0CA73F3E00E6DA9A /* PionPlugin.hpp */; };
		E37503850CA73F3E00E6DA9A /* PionConfig.hpp in Headers */ = {isa = PBXBuildFile; fileRef = E375037B0CA73F3E00E6DA9A /* PionConfig.hpp */; };
		E37503860CA73F3E00E6DA9A /* PionException.hpp in Headers */ = {isa = PBXBuildFile; fileRef = E375037C0CA73F3E00E6DA9A /* PionException.hpp */; };
		E37503870CA73F3E00E6DA9A /* PionHashMap.hpp in Headers */ = {isa = PBXBuildFile; fileRef = E375037D0CA73F3E00E6DA9A /* PionHashMap.hpp */; };
		E37503880CA73F3E00E6DA9A /* PionLogger.hpp in Headers */ = {isa = PBXBuildFile; fileRef = E375037E0CA73F3E00E6DA9A /* PionLogger.hpp */; };
		E37503890CA73F3E00E6DA9A /* PionPlugin.hpp in Headers */ = {isa = PBXBuildFile; fileRef = E375037F0CA73F3E00E6DA9A /* PionPlugin.hpp */; };
/* End PBXBuildFile section */

/* Begin PBXFileReference section */
		E33288330BEE4B14006D0556 /* AUTHORS */ = {isa = PBXFileReference; fileEncoding = 30; lastKnownFileType = text; name = AUTHORS; path = ../AUTHORS; sourceTree = SOURCE_ROOT; };
		E33288340BEE4B14006D0556 /* ChangeLog */ = {isa = PBXFileReference; fileEncoding = 30; lastKnownFileType = text; name = ChangeLog; path = ../ChangeLog; sourceTree = SOURCE_ROOT; };
		E33288350BEE4B14006D0556 /* COPYING */ = {isa = PBXFileReference; fileEncoding = 30; lastKnownFileType = text; name = COPYING; path = ../COPYING; sourceTree = SOURCE_ROOT; };
		E33288360BEE4B14006D0556 /* INSTALL */ = {isa = PBXFileReference; fileEncoding = 30; lastKnownFileType = text; name = INSTALL; path = ../INSTALL; sourceTree = SOURCE_ROOT; };
		E33288370BEE4B14006D0556 /* NEWS */ = {isa = PBXFileReference; fileEncoding = 30; lastKnownFileType = text; name = NEWS; path = ../NEWS; sourceTree = SOURCE_ROOT; };
		E33288380BEE4B14006D0556 /* README */ = {isa = PBXFileReference; fileEncoding = 30; lastKnownFileType = text; name = README; path = ../README; sourceTree = SOURCE_ROOT; };
		E33288390BEE4B14006D0556 /* TODO */ = {isa = PBXFileReference; fileEncoding = 30; lastKnownFileType = text; name = TODO; path = ../TODO; sourceTree = SOURCE_ROOT; };
		E33288410BEE4B48006D0556 /* Doxyfile */ = {isa = PBXFileReference; fileEncoding = 30; lastKnownFileType = text; name = Doxyfile; path = ../doc/Doxyfile; sourceTree = SOURCE_ROOT; };
		E33288420BEE4B48006D0556 /* README.freebsd */ = {isa = PBXFileReference; fileEncoding = 30; lastKnownFileType = text; name = README.freebsd; path = ../doc/README.freebsd; sourceTree = SOURCE_ROOT; };
		E33288430BEE4B48006D0556 /* README.linux */ = {isa = PBXFileReference; fileEncoding = 30; lastKnownFileType = text; name = README.linux; path = ../doc/README.linux; sourceTree = SOURCE_ROOT; };
		E33288440BEE4B48006D0556 /* README.osx */ = {isa = PBXFileReference; fileEncoding = 30; lastKnownFileType = text; name = README.osx; path = ../doc/README.osx; sourceTree = SOURCE_ROOT; };
		E33288450BEE4B48006D0556 /* README.solaris */ = {isa = PBXFileReference; fileEncoding = 30; lastKnownFileType = text; name = README.solaris; path = ../doc/README.solaris; sourceTree = SOURCE_ROOT; };
		E33288A20BEE5044006D0556 /* libpion-common.a */ = {isa = PBXFileReference; explicitFileType = archive.ar; includeInIndex = 0; path = "libpion-common.a"; sourceTree = BUILT_PRODUCTS_DIR; };
		E33288B80BEE50B4006D0556 /* libpion-common.dylib */ = {isa = PBXFileReference; explicitFileType = "compiled.mach-o.dylib"; includeInIndex = 0; path = "libpion-common.dylib"; sourceTree = BUILT_PRODUCTS_DIR; };
		E34918C50BFE5B94001E1387 /* PionPlugin.cpp */ = {isa = PBXFileReference; fileEncoding = 30; lastKnownFileType = sourcecode.cpp.cpp; name = PionPlugin.cpp; path = ../src/PionPlugin.cpp; sourceTree = SOURCE_ROOT; };
		E375037B0CA73F3E00E6DA9A /* PionConfig.hpp */ = {isa = PBXFileReference; fileEncoding = 30; lastKnownFileType = sourcecode.cpp.h; name = PionConfig.hpp; path = ../include/pion/PionConfig.hpp; sourceTree = SOURCE_ROOT; };
		E375037C0CA73F3E00E6DA9A /* PionException.hpp */ = {isa = PBXFileReference; fileEncoding = 30; lastKnownFileType = sourcecode.cpp.h; name = PionException.hpp; path = ../include/pion/PionException.hpp; sourceTree = SOURCE_ROOT; };
		E375037D0CA73F3E00E6DA9A /* PionHashMap.hpp */ = {isa = PBXFileReference; fileEncoding = 30; lastKnownFileType = sourcecode.cpp.h; name = PionHashMap.hpp; path = ../include/pion/PionHashMap.hpp; sourceTree = SOURCE_ROOT; };
		E375037E0CA73F3E00E6DA9A /* PionLogger.hpp */ = {isa = PBXFileReference; fileEncoding = 30; lastKnownFileType = sourcecode.cpp.h; name = PionLogger.hpp; path = ../include/pion/PionLogger.hpp; sourceTree = SOURCE_ROOT; };
		E375037F0CA73F3E00E6DA9A /* PionPlugin.hpp */ = {isa = PBXFileReference; fileEncoding = 30; lastKnownFileType = sourcecode.cpp.h; name = PionPlugin.hpp; path = ../include/pion/PionPlugin.hpp; sourceTree = SOURCE_ROOT; };
/* End PBXFileReference section */

/* Begin PBXFrameworksBuildPhase section */
		E33288A00BEE5044006D0556 /* Frameworks */ = {
			isa = PBXFrameworksBuildPhase;
			buildActionMask = 2147483647;
			files = (
			);
			runOnlyForDeploymentPostprocessing = 0;
		};
		E33288B60BEE50B4006D0556 /* Frameworks */ = {
			isa = PBXFrameworksBuildPhase;
			buildActionMask = 2147483647;
			files = (
			);
			runOnlyForDeploymentPostprocessing = 0;
		};
/* End PBXFrameworksBuildPhase section */

/* Begin PBXGroup section */
		08FB7794FE84155DC02AAC07 /* libpion */ = {
			isa = PBXGroup;
			children = (
				E34919230BFE6010001E1387 /* include */,
				E33288000BEE4A28006D0556 /* src */,
				C6859E8C029090F304C91782 /* Documentation */,
				1AB674ADFE9D54B511CA2CBB /* Products */,
			);
			name = libpion;
			sourceTree = "<group>";
		};
		1AB674ADFE9D54B511CA2CBB /* Products */ = {
			isa = PBXGroup;
			children = (
				E33288A20BEE5044006D0556 /* libpion-common.a */,
				E33288B80BEE50B4006D0556 /* libpion-common.dylib */,
			);
			name = Products;
			sourceTree = "<group>";
		};
		C6859E8C029090F304C91782 /* Documentation */ = {
			isa = PBXGroup;
			children = (
				E33288410BEE4B48006D0556 /* Doxyfile */,
				E33288420BEE4B48006D0556 /* README.freebsd */,
				E33288430BEE4B48006D0556 /* README.linux */,
				E33288440BEE4B48006D0556 /* README.osx */,
				E33288450BEE4B48006D0556 /* README.solaris */,
				E33288330BEE4B14006D0556 /* AUTHORS */,
				E33288340BEE4B14006D0556 /* ChangeLog */,
				E33288350BEE4B14006D0556 /* COPYING */,
				E33288360BEE4B14006D0556 /* INSTALL */,
				E33288370BEE4B14006D0556 /* NEWS */,
				E33288380BEE4B14006D0556 /* README */,
				E33288390BEE4B14006D0556 /* TODO */,
			);
			name = Documentation;
			sourceTree = "<group>";
		};
		E33288000BEE4A28006D0556 /* src */ = {
			isa = PBXGroup;
			children = (
				E34918C50BFE5B94001E1387 /* PionPlugin.cpp */,
			);
			name = src;
			path = ../src;
			sourceTree = SOURCE_ROOT;
		};
		E34919230BFE6010001E1387 /* include */ = {
			isa = PBXGroup;
			children = (
				E375037B0CA73F3E00E6DA9A /* PionConfig.hpp */,
				E375037C0CA73F3E00E6DA9A /* PionException.hpp */,
				E375037D0CA73F3E00E6DA9A /* PionHashMap.hpp */,
				E375037E0CA73F3E00E6DA9A /* PionLogger.hpp */,
				E375037F0CA73F3E00E6DA9A /* PionPlugin.hpp */,
			);
			name = include;
			path = ../include;
			sourceTree = "<group>";
		};
/* End PBXGroup section */

/* Begin PBXHeadersBuildPhase section */
		E332889E0BEE5044006D0556 /* Headers */ = {
			isa = PBXHeadersBuildPhase;
			buildActionMask = 2147483647;
			files = (
				E37503800CA73F3E00E6DA9A /* PionConfig.hpp in Headers */,
				E37503810CA73F3E00E6DA9A /* PionException.hpp in Headers */,
				E37503820CA73F3E00E6DA9A /* PionHashMap.hpp in Headers */,
				E37503830CA73F3E00E6DA9A /* PionLogger.hpp in Headers */,
				E37503840CA73F3E00E6DA9A /* PionPlugin.hpp in Headers */,
			);
			runOnlyForDeploymentPostprocessing = 0;
		};
		E33288B40BEE50B4006D0556 /* Headers */ = {
			isa = PBXHeadersBuildPhase;
			buildActionMask = 2147483647;
			files = (
				E37503850CA73F3E00E6DA9A /* PionConfig.hpp in Headers */,
				E37503860CA73F3E00E6DA9A /* PionException.hpp in Headers */,
				E37503870CA73F3E00E6DA9A /* PionHashMap.hpp in Headers */,
				E37503880CA73F3E00E6DA9A /* PionLogger.hpp in Headers */,
				E37503890CA73F3E00E6DA9A /* PionPlugin.hpp in Headers */,
			);
			runOnlyForDeploymentPostprocessing = 0;
		};
/* End PBXHeadersBuildPhase section */

/* Begin PBXNativeTarget section */
		E33288A10BEE5044006D0556 /* pion-common: static */ = {
			isa = PBXNativeTarget;
			buildConfigurationList = E33288CA0BEE5103006D0556 /* Build configuration list for PBXNativeTarget "pion-common: static" */;
			buildPhases = (
				E332889E0BEE5044006D0556 /* Headers */,
				E332889F0BEE5044006D0556 /* Sources */,
				E33288A00BEE5044006D0556 /* Frameworks */,
			);
			buildRules = (
			);
			dependencies = (
			);
			name = "pion-common: static";
			productName = pion;
			productReference = E33288A20BEE5044006D0556 /* libpion-common.a */;
			productType = "com.apple.product-type.library.static";
		};
		E33288B70BEE50B4006D0556 /* pion-common: dynamic */ = {
			isa = PBXNativeTarget;
			buildConfigurationList = E33288CD0BEE5103006D0556 /* Build configuration list for PBXNativeTarget "pion-common: dynamic" */;
			buildPhases = (
				E33288B40BEE50B4006D0556 /* Headers */,
				E33288B50BEE50B4006D0556 /* Sources */,
				E33288B60BEE50B4006D0556 /* Frameworks */,
			);
			buildRules = (
			);
			dependencies = (
			);
			name = "pion-common: dynamic";
			productName = pion;
			productReference = E33288B80BEE50B4006D0556 /* libpion-common.dylib */;
			productType = "com.apple.product-type.library.dynamic";
		};
/* End PBXNativeTarget section */

/* Begin PBXProject section */
		08FB7793FE84155DC02AAC07 /* Project object */ = {
			isa = PBXProject;
			buildConfigurationList = 1DEB923508733DC60010E9CD /* Build configuration list for PBXProject "pion-common" */;
			hasScannedForEncodings = 1;
			mainGroup = 08FB7794FE84155DC02AAC07 /* libpion */;
			projectDirPath = "";
			targets = (
				E33288A10BEE5044006D0556 /* pion-common: static */,
				E33288B70BEE50B4006D0556 /* pion-common: dynamic */,
			);
		};
/* End PBXProject section */

/* Begin PBXSourcesBuildPhase section */
		E332889F0BEE5044006D0556 /* Sources */ = {
			isa = PBXSourcesBuildPhase;
			buildActionMask = 2147483647;
			files = (
				E34918CC0BFE5B94001E1387 /* PionPlugin.cpp in Sources */,
			);
			runOnlyForDeploymentPostprocessing = 0;
		};
		E33288B50BEE50B4006D0556 /* Sources */ = {
			isa = PBXSourcesBuildPhase;
			buildActionMask = 2147483647;
			files = (
				E34918D30BFE5B94001E1387 /* PionPlugin.cpp in Sources */,
			);
			runOnlyForDeploymentPostprocessing = 0;
		};
/* End PBXSourcesBuildPhase section */

/* Begin XCBuildConfiguration section */
		1DEB923608733DC60010E9CD /* Debug */ = {
			isa = XCBuildConfiguration;
			buildSettings = {
				GCC_MODEL_TUNING = "";
				GCC_OPTIMIZATION_LEVEL = 0;
				GCC_PREPROCESSOR_DEFINITIONS = _REENTRANT;
				GCC_SYMBOLS_PRIVATE_EXTERN = NO;
				GENERATE_MASTER_OBJECT_FILE = NO;
				HEADER_SEARCH_PATHS = (
					"$(HEADER_SEARCH_PATHS_QUOTED_1)",
					"$(HEADER_SEARCH_PATHS_QUOTED_2)",
				);
				HEADER_SEARCH_PATHS_QUOTED_1 = "\"/usr/local/include/boost-1_34\"";
				HEADER_SEARCH_PATHS_QUOTED_2 = "\"/opt/local/include\"";
				LIBRARY_SEARCH_PATHS = (
					"$(LIBRARY_SEARCH_PATHS_QUOTED_4)",
					"$(LIBRARY_SEARCH_PATHS_QUOTED_2)",
					"$(LIBRARY_SEARCH_PATHS_QUOTED_3)",
					"$(CONFIGURATION_BUILD_DIR)",
				);
				LIBRARY_SEARCH_PATHS_QUOTED_1 = "\"/opt/local/lib\"";
				LIBRARY_SEARCH_PATHS_QUOTED_2 = "\"/opt/local/lib\"";
				LIBRARY_SEARCH_PATHS_QUOTED_3 = "\"/usr/lib\"";
				LIBRARY_SEARCH_PATHS_QUOTED_4 = "\"/usr/local/lib\"";
				OBJROOT = "${PROJECT_DIR}/tmp";
				OTHER_LDFLAGS = (
					"-lboost_thread-mt-d",
					"-lboost_filesystem-mt-d",
					"-lboost_system-mt-d",
					"-llog4cpp",
					"-lssl",
					"-lcrypto",
					"-lz",
				);
				PREBINDING = NO;
				PRELINK_LIBS = "";
				SDKROOT = /Developer/SDKs/MacOSX10.4u.sdk;
				SYMROOT = "$(PROJECT_DIR)";
				USER_HEADER_SEARCH_PATHS = ../include;
				ZERO_LINK = NO;
			};
			name = Debug;
		};
		1DEB923708733DC60010E9CD /* Release */ = {
			isa = XCBuildConfiguration;
			buildSettings = {
				GCC_GENERATE_DEBUGGING_SYMBOLS = NO;
				GCC_OPTIMIZATION_LEVEL = 2;
				GCC_PREPROCESSOR_DEFINITIONS = (
					_REENTRANT,
					NDEBUG,
				);
				GENERATE_MASTER_OBJECT_FILE = NO;
				HEADER_SEARCH_PATHS = (
					"$(HEADER_SEARCH_PATHS_QUOTED_1)",
					"$(HEADER_SEARCH_PATHS_QUOTED_2)",
				);
				HEADER_SEARCH_PATHS_QUOTED_1 = "\"/usr/local/include/boost-1_34\"";
				HEADER_SEARCH_PATHS_QUOTED_2 = "\"/opt/local/include\"";
				LIBRARY_SEARCH_PATHS = (
					"$(LIBRARY_SEARCH_PATHS_QUOTED_4)",
					"$(LIBRARY_SEARCH_PATHS_QUOTED_2)",
					"$(LIBRARY_SEARCH_PATHS_QUOTED_3)",
					"$(CONFIGURATION_BUILD_DIR)",
				);
				LIBRARY_SEARCH_PATHS_QUOTED_1 = "\"/opt/local/lib\"";
				LIBRARY_SEARCH_PATHS_QUOTED_2 = "\"/opt/local/lib\"";
				LIBRARY_SEARCH_PATHS_QUOTED_3 = "\"/usr/lib\"";
				LIBRARY_SEARCH_PATHS_QUOTED_4 = "\"/usr/local/lib\"";
				OBJROOT = "${PROJECT_DIR}/tmp";
				OTHER_LDFLAGS = (
					"-lboost_thread-mt",
					"-lboost_filesystem-mt",
					"-lboost_system-mt",
					"-llog4cpp",
					"-lssl",
					"-lcrypto",
					"-lz",
				);
				PREBINDING = NO;
				PRELINK_LIBS = "";
				SDKROOT = /Developer/SDKs/MacOSX10.4u.sdk;
				SYMROOT = "$(PROJECT_DIR)";
				USER_HEADER_SEARCH_PATHS = ../include;
				ZERO_LINK = NO;
			};
			name = Release;
		};
		E33288CB0BEE5103006D0556 /* Debug */ = {
			isa = XCBuildConfiguration;
			buildSettings = {
				INSTALL_PATH = /usr/local/lib;
				PRODUCT_NAME = "pion-common";
			};
			name = Debug;
		};
		E33288CC0BEE5103006D0556 /* Release */ = {
			isa = XCBuildConfiguration;
			buildSettings = {
				INSTALL_PATH = /usr/local/lib;
				PRODUCT_NAME = "pion-common";
			};
			name = Release;
		};
		E33288CE0BEE5103006D0556 /* Debug */ = {
			isa = XCBuildConfiguration;
			buildSettings = {
				EXECUTABLE_PREFIX = lib;
				GCC_INLINES_ARE_PRIVATE_EXTERN = NO;
				INSTALL_PATH = /usr/local/lib;
				PRODUCT_NAME = "pion-common";
			};
			name = Debug;
		};
		E33288CF0BEE5103006D0556 /* Release */ = {
			isa = XCBuildConfiguration;
			buildSettings = {
				EXECUTABLE_PREFIX = lib;
				GCC_INLINES_ARE_PRIVATE_EXTERN = NO;
				INSTALL_PATH = /usr/local/lib;
				PRODUCT_NAME = "pion-common";
			};
			name = Release;
		};
/* End XCBuildConfiguration section */

/* Begin XCConfigurationList section */
		1DEB923508733DC60010E9CD /* Build configuration list for PBXProject "pion-common" */ = {
			isa = XCConfigurationList;
			buildConfigurations = (
				1DEB923608733DC60010E9CD /* Debug */,
				1DEB923708733DC60010E9CD /* Release */,
			);
			defaultConfigurationIsVisible = 0;
			defaultConfigurationName = Debug;
		};
		E33288CA0BEE5103006D0556 /* Build configuration list for PBXNativeTarget "pion-common: static" */ = {
			isa = XCConfigurationList;
			buildConfigurations = (
				E33288CB0BEE5103006D0556 /* Debug */,
				E33288CC0BEE5103006D0556 /* Release */,
			);
			defaultConfigurationIsVisible = 0;
			defaultConfigurationName = Debug;
		};
		E33288CD0BEE5103006D0556 /* Build configuration list for PBXNativeTarget "pion-common: dynamic" */ = {
			isa = XCConfigurationList;
			buildConfigurations = (
				E33288CE0BEE5103006D0556 /* Debug */,
				E33288CF0BEE5103006D0556 /* Release */,
			);
			defaultConfigurationIsVisible = 0;
			defaultConfigurationName = Debug;
		};
/* End XCConfigurationList section */
	};
	rootObject = 08FB7793FE84155DC02AAC07 /* Project object */;
}
