// !$*UTF8*$!
{
	archiveVersion = 1;
	classes = {
	};
	objectVersion = 42;
	objects = {

/* Begin PBXBuildFile section */
		E3B2A26D0CADC46B001A9A8D /* PionConfig.hpp in Headers */ = {isa = PBXBuildFile; fileRef = E3B2A2680CADC46B001A9A8D /* PionConfig.hpp */; };
		E3B2A26E0CADC46B001A9A8D /* PionException.hpp in Headers */ = {isa = PBXBuildFile; fileRef = E3B2A2690CADC46B001A9A8D /* PionException.hpp */; };
		E3B2A26F0CADC46B001A9A8D /* PionHashMap.hpp in Headers */ = {isa = PBXBuildFile; fileRef = E3B2A26A0CADC46B001A9A8D /* PionHashMap.hpp */; };
		E3B2A2700CADC46B001A9A8D /* PionLogger.hpp in Headers */ = {isa = PBXBuildFile; fileRef = E3B2A26B0CADC46B001A9A8D /* PionLogger.hpp */; };
		E3B2A2710CADC46B001A9A8D /* PionPlugin.hpp in Headers */ = {isa = PBXBuildFile; fileRef = E3B2A26C0CADC46B001A9A8D /* PionPlugin.hpp */; };
		E3B2A2720CADC46B001A9A8D /* PionConfig.hpp in Headers */ = {isa = PBXBuildFile; fileRef = E3B2A2680CADC46B001A9A8D /* PionConfig.hpp */; };
		E3B2A2730CADC46B001A9A8D /* PionException.hpp in Headers */ = {isa = PBXBuildFile; fileRef = E3B2A2690CADC46B001A9A8D /* PionException.hpp */; };
		E3B2A2740CADC46B001A9A8D /* PionHashMap.hpp in Headers */ = {isa = PBXBuildFile; fileRef = E3B2A26A0CADC46B001A9A8D /* PionHashMap.hpp */; };
		E3B2A2750CADC46B001A9A8D /* PionLogger.hpp in Headers */ = {isa = PBXBuildFile; fileRef = E3B2A26B0CADC46B001A9A8D /* PionLogger.hpp */; };
		E3B2A2760CADC46B001A9A8D /* PionPlugin.hpp in Headers */ = {isa = PBXBuildFile; fileRef = E3B2A26C0CADC46B001A9A8D /* PionPlugin.hpp */; };
		E3B2A2780CADC481001A9A8D /* PionPlugin.cpp in Sources */ = {isa = PBXBuildFile; fileRef = E3B2A2770CADC481001A9A8D /* PionPlugin.cpp */; };
		E3B2A2790CADC481001A9A8D /* PionPlugin.cpp in Sources */ = {isa = PBXBuildFile; fileRef = E3B2A2770CADC481001A9A8D /* PionPlugin.cpp */; };
/* End PBXBuildFile section */

/* Begin PBXFileReference section */
		E36F2E260CA789CD00120C6D /* libpion-common.dylib */ = {isa = PBXFileReference; explicitFileType = "compiled.mach-o.dylib"; includeInIndex = 0; path = "libpion-common.dylib"; sourceTree = BUILT_PRODUCTS_DIR; };
		E36F2E2E0CA78A0400120C6D /* libpion-common.a */ = {isa = PBXFileReference; explicitFileType = archive.ar; includeInIndex = 0; path = "libpion-common.a"; sourceTree = BUILT_PRODUCTS_DIR; };
		E3B2A2680CADC46B001A9A8D /* PionConfig.hpp */ = {isa = PBXFileReference; fileEncoding = 30; lastKnownFileType = sourcecode.cpp.h; name = PionConfig.hpp; path = common/include/pion/PionConfig.hpp; sourceTree = SOURCE_ROOT; };
		E3B2A2690CADC46B001A9A8D /* PionException.hpp */ = {isa = PBXFileReference; fileEncoding = 30; lastKnownFileType = sourcecode.cpp.h; name = PionException.hpp; path = common/include/pion/PionException.hpp; sourceTree = SOURCE_ROOT; };
		E3B2A26A0CADC46B001A9A8D /* PionHashMap.hpp */ = {isa = PBXFileReference; fileEncoding = 30; lastKnownFileType = sourcecode.cpp.h; name = PionHashMap.hpp; path = common/include/pion/PionHashMap.hpp; sourceTree = SOURCE_ROOT; };
		E3B2A26B0CADC46B001A9A8D /* PionLogger.hpp */ = {isa = PBXFileReference; fileEncoding = 30; lastKnownFileType = sourcecode.cpp.h; name = PionLogger.hpp; path = common/include/pion/PionLogger.hpp; sourceTree = SOURCE_ROOT; };
		E3B2A26C0CADC46B001A9A8D /* PionPlugin.hpp */ = {isa = PBXFileReference; fileEncoding = 30; lastKnownFileType = sourcecode.cpp.h; name = PionPlugin.hpp; path = common/include/pion/PionPlugin.hpp; sourceTree = SOURCE_ROOT; };
		E3B2A2770CADC481001A9A8D /* PionPlugin.cpp */ = {isa = PBXFileReference; fileEncoding = 30; lastKnownFileType = sourcecode.cpp.cpp; name = PionPlugin.cpp; path = common/src/PionPlugin.cpp; sourceTree = SOURCE_ROOT; };
/* End PBXFileReference section */

/* Begin PBXFrameworksBuildPhase section */
		E36F2E240CA789CD00120C6D /* Frameworks */ = {
			isa = PBXFrameworksBuildPhase;
			buildActionMask = 2147483647;
			files = (
			);
			runOnlyForDeploymentPostprocessing = 0;
		};
		E36F2E2C0CA78A0400120C6D /* Frameworks */ = {
			isa = PBXFrameworksBuildPhase;
			buildActionMask = 2147483647;
			files = (
			);
			runOnlyForDeploymentPostprocessing = 0;
		};
/* End PBXFrameworksBuildPhase section */

/* Begin PBXGroup section */
		08FB7794FE84155DC02AAC07 /* libpion */ = {
			isa = PBXGroup;
			children = (
				E36F2E210CA7899C00120C6D /* common */,
				C6859E8C029090F304C91782 /* Documentation */,
				1AB674ADFE9D54B511CA2CBB /* Products */,
			);
			name = libpion;
			sourceTree = "<group>";
		};
		1AB674ADFE9D54B511CA2CBB /* Products */ = {
			isa = PBXGroup;
			children = (
				E36F2E2E0CA78A0400120C6D /* libpion-common.a */,
				E36F2E260CA789CD00120C6D /* libpion-common.dylib */,
			);
			name = Products;
			sourceTree = "<group>";
		};
		C6859E8C029090F304C91782 /* Documentation */ = {
			isa = PBXGroup;
			children = (
			);
			name = Documentation;
			sourceTree = "<group>";
		};
		E36F2E210CA7899C00120C6D /* common */ = {
			isa = PBXGroup;
			children = (
				E3B2A2660CADC421001A9A8D /* include */,
				E3B2A2670CADC42C001A9A8D /* src */,
			);
			name = common;
			sourceTree = "<group>";
		};
		E3B2A2660CADC421001A9A8D /* include */ = {
			isa = PBXGroup;
			children = (
				E3B2A2680CADC46B001A9A8D /* PionConfig.hpp */,
				E3B2A2690CADC46B001A9A8D /* PionException.hpp */,
				E3B2A26A0CADC46B001A9A8D /* PionHashMap.hpp */,
				E3B2A26B0CADC46B001A9A8D /* PionLogger.hpp */,
				E3B2A26C0CADC46B001A9A8D /* PionPlugin.hpp */,
			);
			name = include;
			sourceTree = "<group>";
		};
		E3B2A2670CADC42C001A9A8D /* src */ = {
			isa = PBXGroup;
			children = (
				E3B2A2770CADC481001A9A8D /* PionPlugin.cpp */,
			);
			name = src;
			sourceTree = "<group>";
		};
/* End PBXGroup section */

/* Begin PBXHeadersBuildPhase section */
		E36F2E220CA789CD00120C6D /* Headers */ = {
			isa = PBXHeadersBuildPhase;
			buildActionMask = 2147483647;
			files = (
				E3B2A2720CADC46B001A9A8D /* PionConfig.hpp in Headers */,
				E3B2A2730CADC46B001A9A8D /* PionException.hpp in Headers */,
				E3B2A2740CADC46B001A9A8D /* PionHashMap.hpp in Headers */,
				E3B2A2750CADC46B001A9A8D /* PionLogger.hpp in Headers */,
				E3B2A2760CADC46B001A9A8D /* PionPlugin.hpp in Headers */,
			);
			runOnlyForDeploymentPostprocessing = 0;
		};
		E36F2E2A0CA78A0400120C6D /* Headers */ = {
			isa = PBXHeadersBuildPhase;
			buildActionMask = 2147483647;
			files = (
				E3B2A26D0CADC46B001A9A8D /* PionConfig.hpp in Headers */,
				E3B2A26E0CADC46B001A9A8D /* PionException.hpp in Headers */,
				E3B2A26F0CADC46B001A9A8D /* PionHashMap.hpp in Headers */,
				E3B2A2700CADC46B001A9A8D /* PionLogger.hpp in Headers */,
				E3B2A2710CADC46B001A9A8D /* PionPlugin.hpp in Headers */,
			);
			runOnlyForDeploymentPostprocessing = 0;
		};
/* End PBXHeadersBuildPhase section */

/* Begin PBXNativeTarget section */
		E36F2E250CA789CD00120C6D /* pion-common: dynamic */ = {
			isa = PBXNativeTarget;
			buildConfigurationList = E36F2E270CA78A0100120C6D /* Build configuration list for PBXNativeTarget "pion-common: dynamic" */;
			buildPhases = (
				E36F2E220CA789CD00120C6D /* Headers */,
				E36F2E230CA789CD00120C6D /* Sources */,
				E36F2E240CA789CD00120C6D /* Frameworks */,
			);
			buildRules = (
			);
			dependencies = (
			);
			name = "pion-common: dynamic";
			productName = "pion-common";
			productReference = E36F2E260CA789CD00120C6D /* libpion-common.dylib */;
			productType = "com.apple.product-type.library.dynamic";
		};
		E36F2E2D0CA78A0400120C6D /* pion-common: static */ = {
			isa = PBXNativeTarget;
			buildConfigurationList = E36F2E410CA78A7000120C6D /* Build configuration list for PBXNativeTarget "pion-common: static" */;
			buildPhases = (
				E36F2E2A0CA78A0400120C6D /* Headers */,
				E36F2E2B0CA78A0400120C6D /* Sources */,
				E36F2E2C0CA78A0400120C6D /* Frameworks */,
			);
			buildRules = (
			);
			dependencies = (
			);
			name = "pion-common: static";
			productName = "pion-common";
			productReference = E36F2E2E0CA78A0400120C6D /* libpion-common.a */;
			productType = "com.apple.product-type.library.static";
		};
/* End PBXNativeTarget section */

/* Begin PBXProject section */
		08FB7793FE84155DC02AAC07 /* Project object */ = {
			isa = PBXProject;
			buildConfigurationList = 1DEB923508733DC60010E9CD /* Build configuration list for PBXProject "pion-common" */;
			hasScannedForEncodings = 1;
			mainGroup = 08FB7794FE84155DC02AAC07 /* libpion */;
			projectDirPath = "";
			targets = (
				E36F2E2D0CA78A0400120C6D /* pion-common: static */,
				E36F2E250CA789CD00120C6D /* pion-common: dynamic */,
			);
		};
/* End PBXProject section */

/* Begin PBXSourcesBuildPhase section */
		E36F2E230CA789CD00120C6D /* Sources */ = {
			isa = PBXSourcesBuildPhase;
			buildActionMask = 2147483647;
			files = (
				E3B2A2790CADC481001A9A8D /* PionPlugin.cpp in Sources */,
			);
			runOnlyForDeploymentPostprocessing = 0;
		};
		E36F2E2B0CA78A0400120C6D /* Sources */ = {
			isa = PBXSourcesBuildPhase;
			buildActionMask = 2147483647;
			files = (
				E3B2A2780CADC481001A9A8D /* PionPlugin.cpp in Sources */,
			);
			runOnlyForDeploymentPostprocessing = 0;
		};
/* End PBXSourcesBuildPhase section */

/* Begin XCBuildConfiguration section */
		1DEB923608733DC60010E9CD /* Debug */ = {
			isa = XCBuildConfiguration;
			buildSettings = {
				GCC_MODEL_TUNING = "";
				GCC_OPTIMIZATION_LEVEL = 0;
				GCC_PREPROCESSOR_DEFINITIONS = _REENTRANT;
				GCC_SYMBOLS_PRIVATE_EXTERN = NO;
				GENERATE_MASTER_OBJECT_FILE = NO;
				HEADER_SEARCH_PATHS = (
					"$(HEADER_SEARCH_PATHS_QUOTED_1)",
					"$(HEADER_SEARCH_PATHS_QUOTED_2)",
				);
				HEADER_SEARCH_PATHS_QUOTED_1 = "\"/usr/local/include/boost-1_34\"";
				HEADER_SEARCH_PATHS_QUOTED_2 = "\"/opt/local/include\"";
				LIBRARY_SEARCH_PATHS = (
					"$(LIBRARY_SEARCH_PATHS_QUOTED_4)",
					"$(LIBRARY_SEARCH_PATHS_QUOTED_2)",
					"$(LIBRARY_SEARCH_PATHS_QUOTED_3)",
					"$(CONFIGURATION_BUILD_DIR)",
				);
				LIBRARY_SEARCH_PATHS_QUOTED_1 = "\"/opt/local/lib\"";
				LIBRARY_SEARCH_PATHS_QUOTED_2 = "\"/opt/local/lib\"";
				LIBRARY_SEARCH_PATHS_QUOTED_3 = "\"/usr/lib\"";
				LIBRARY_SEARCH_PATHS_QUOTED_4 = "\"/usr/local/lib\"";
				OBJROOT = "$(PROJECT_DIR)/bin/tmp";
				OTHER_LDFLAGS = (
					"-lboost_thread-mt-d",
					"-lboost_filesystem-mt-d",
					"-lboost_system-mt-d",
					"-llog4cpp",
					"-lssl",
					"-lcrypto",
					"-lz",
				);
				PREBINDING = NO;
				PRELINK_LIBS = "";
				SDKROOT = /Developer/SDKs/MacOSX10.4u.sdk;
				SYMROOT = "$(PROJECT_DIR)/bin";
				USER_HEADER_SEARCH_PATHS = "${PROJECT_DIR}/common/include";
				ZERO_LINK = NO;
			};
			name = Debug;
		};
		1DEB923708733DC60010E9CD /* Release */ = {
			isa = XCBuildConfiguration;
			buildSettings = {
				GCC_GENERATE_DEBUGGING_SYMBOLS = NO;
				GCC_OPTIMIZATION_LEVEL = 2;
				GCC_PREPROCESSOR_DEFINITIONS = (
					_REENTRANT,
					NDEBUG,
				);
				GENERATE_MASTER_OBJECT_FILE = NO;
				HEADER_SEARCH_PATHS = (
					"$(HEADER_SEARCH_PATHS_QUOTED_1)",
					"$(HEADER_SEARCH_PATHS_QUOTED_2)",
				);
				HEADER_SEARCH_PATHS_QUOTED_1 = "\"/usr/local/include/boost-1_34\"";
				HEADER_SEARCH_PATHS_QUOTED_2 = "\"/opt/local/include\"";
				LIBRARY_SEARCH_PATHS = (
					"$(LIBRARY_SEARCH_PATHS_QUOTED_4)",
					"$(LIBRARY_SEARCH_PATHS_QUOTED_2)",
					"$(LIBRARY_SEARCH_PATHS_QUOTED_3)",
					"$(CONFIGURATION_BUILD_DIR)",
				);
				LIBRARY_SEARCH_PATHS_QUOTED_1 = "\"/opt/local/lib\"";
				LIBRARY_SEARCH_PATHS_QUOTED_2 = "\"/opt/local/lib\"";
				LIBRARY_SEARCH_PATHS_QUOTED_3 = "\"/usr/lib\"";
				LIBRARY_SEARCH_PATHS_QUOTED_4 = "\"/usr/local/lib\"";
				OBJROOT = "$(PROJECT_DIR)/bin/tmp";
				OTHER_LDFLAGS = (
					"-lboost_thread-mt",
					"-lboost_filesystem-mt",
					"-lboost_system-mt",
					"-llog4cpp",
					"-lssl",
					"-lcrypto",
					"-lz",
				);
				PREBINDING = NO;
				PRELINK_LIBS = "";
				SDKROOT = /Developer/SDKs/MacOSX10.4u.sdk;
				SYMROOT = "$(PROJECT_DIR)/bin";
				USER_HEADER_SEARCH_PATHS = "${PROJECT_DIR}/common/include ${PROJECT_DIR}/net/include";
				ZERO_LINK = NO;
			};
			name = Release;
		};
		E36F2E280CA78A0100120C6D /* Debug */ = {
			isa = XCBuildConfiguration;
			buildSettings = {
				EXECUTABLE_PREFIX = lib;
				INSTALL_PATH = /usr/local/lib;
				PRODUCT_NAME = "pion-common";
			};
			name = Debug;
		};
		E36F2E290CA78A0100120C6D /* Release */ = {
			isa = XCBuildConfiguration;
			buildSettings = {
				EXECUTABLE_PREFIX = lib;
				INSTALL_PATH = /usr/local/lib;
				PRODUCT_NAME = "pion-common";
			};
			name = Release;
		};
		E36F2E420CA78A7000120C6D /* Debug */ = {
			isa = XCBuildConfiguration;
			buildSettings = {
				INSTALL_PATH = /usr/local/lib;
				PRODUCT_NAME = "pion-common";
			};
			name = Debug;
		};
		E36F2E430CA78A7000120C6D /* Release */ = {
			isa = XCBuildConfiguration;
			buildSettings = {
				GCC_DYNAMIC_NO_PIC = YES;
				INSTALL_PATH = /usr/local/lib;
				PRODUCT_NAME = "pion-common";
			};
			name = Release;
		};
/* End XCBuildConfiguration section */

/* Begin XCConfigurationList section */
		1DEB923508733DC60010E9CD /* Build configuration list for PBXProject "pion-common" */ = {
			isa = XCConfigurationList;
			buildConfigurations = (
				1DEB923608733DC60010E9CD /* Debug */,
				1DEB923708733DC60010E9CD /* Release */,
			);
			defaultConfigurationIsVisible = 0;
			defaultConfigurationName = Debug;
		};
		E36F2E270CA78A0100120C6D /* Build configuration list for PBXNativeTarget "pion-common: dynamic" */ = {
			isa = XCConfigurationList;
			buildConfigurations = (
				E36F2E280CA78A0100120C6D /* Debug */,
				E36F2E290CA78A0100120C6D /* Release */,
			);
			defaultConfigurationIsVisible = 0;
			defaultConfigurationName = Debug;
		};
		E36F2E410CA78A7000120C6D /* Build configuration list for PBXNativeTarget "pion-common: static" */ = {
			isa = XCConfigurationList;
			buildConfigurations = (
				E36F2E420CA78A7000120C6D /* Debug */,
				E36F2E430CA78A7000120C6D /* Release */,
			);
			defaultConfigurationIsVisible = 0;
			defaultConfigurationName = Debug;
		};
/* End XCConfigurationList section */
	};
	rootObject = 08FB7793FE84155DC02AAC07 /* Project object */;
}
