
Microsoft Visual Studio Solution File, Format Version 10.00
# Visual Studio 2008
Project("{8BC9CEB8-8B4A-11D0-8D11-00A0C91BC942}") = "pion-systray", "pion-systray.vcproj", "{47B90755-EFC9-4183-9C2D-221623E97696}"
EndProject
Global
	GlobalSection(SolutionConfigurationPlatforms) = preSolution
		Debug|Win32 = Debug|Win32
		Release|Win32 = Release|Win32
	EndGlobalSection
	GlobalSection(ProjectConfigurationPlatforms) = postSolution
		{47B90755-EFC9-4183-9C2D-221623E97696}.Debug|Win32.ActiveCfg = Debug|Win32
		{47B90755-EFC9-4183-9C2D-221623E97696}.Debug|Win32.Build.0 = Debug|Win32
		{47B90755-EFC9-4183-9C2D-221623E97696}.Release|Win32.ActiveCfg = Release|Win32
		{47B90755-EFC9-4183-9C2D-221623E97696}.Release|Win32.Build.0 = Release|Win32
	EndGlobalSection
	GlobalSection(SolutionProperties) = preSolution
		HideSolutionNode = FALSE
	EndGlobalSection
EndGlobal
